# This file is autogenerated, do not edit; changes may be undone by the next 'dep ensure'.


[[projects]]
  digest = "1:ffe9824d294da03b391f44e1ae8281281b4afc1bdaa9588c9097785e3af10cec"
  name = "github.com/davecgh/go-spew"
  packages = ["spew"]
  pruneopts = "UT"
  revision = "8991bc29aa16c548c550c7ff78260e27b9ab7c73"
  version = "v1.1.1"

[[projects]]
  digest = "1:e1ff887e232b2d8f4f7c7db15a5fac7be418025afc4dda53c59c765dbb5aa6b4"
  name = "github.com/go-playground/locales"
  packages = [
    ".",
    "currency",
  ]
  pruneopts = "UT"
  revision = "f63010822830b6fe52288ee52d5a1151088ce039"
  version = "v0.12.1"

[[projects]]
  digest = "1:e022cf244bcac1b6ef933f1a2e0adcf6a6dfd7b872d8d41e4d4179bb09a87cbc"
  name = "github.com/go-playground/universal-translator"
  packages = ["."]
  pruneopts = "UT"
  revision = "b32fa301c9fe55953584134cb6853a13c87ec0a1"
  version = "v0.16.0"

[[projects]]
  digest = "1:ec6f9bf5e274c833c911923c9193867f3f18788c461f76f05f62bb1510e0ae65"
  name = "github.com/go-sql-driver/mysql"
  packages = ["."]
  pruneopts = "UT"
  revision = "72cd26f257d44c1114970e19afddcd812016007e"
  version = "v1.4.1"

[[projects]]
  digest = "1:239a6a699653117716919f2283d7ad8d579b52b1548ec5d79fb39523712df46f"
  name = "github.com/gorilla/rpc"
  packages = [
    "v2",
    "v2/json",
  ]
  pruneopts = "UT"
  revision = "bffcfa752ad4e523cc8f720afeb5b985ed41ae16"
  version = "v1.2.0"

[[projects]]
  digest = "1:6782ffc812e8e700e6952ede1e60487ff1fd9da489eff762985be662a7cfc431"
  name = "github.com/leodido/go-urn"
  packages = ["."]
  pruneopts = "UT"
  revision = "70078a794e8ea4b497ba7c19a78cd60f90ccf0f4"
  version = "v1.1.0"

[[projects]]
  digest = "1:0028cb19b2e4c3112225cd871870f2d9cf49b9b4276531f03438a88e94be86fe"
  name = "github.com/pmezard/go-difflib"
  packages = ["difflib"]
  pruneopts = "UT"
  revision = "792786c7400a136282c1664665ae0a8db921c6c2"
  version = "v1.0.0"

[[projects]]
  digest = "1:72f08fb398c12c56892a25a8d7c8321df8573d3db714c21e9f821e02b825f246"
  name = "github.com/segmentio/conf"
  packages = ["."]
  pruneopts = "UT"
  revision = "f8f7ef2f578cf3bf3179c3d06f95cd2f676e7181"
  version = "v1.1.0"

[[projects]]
  digest = "1:797fda20f7bbe1827e9e93899bceac567bf923a00ffc6bd957554b09074e9392"
  name = "github.com/segmentio/events"
  packages = [
    ".",
    "text",
  ]
  pruneopts = "UT"
  revision = "e62248bd4df28ce3b028d5d557cec210098797c1"
  version = "v2.2.0"

[[projects]]
  digest = "1:1b10751ffd2aa4dc6986b0798b55cf7dff327f7f35b37724b971d832cd8a2621"
  name = "github.com/segmentio/go-snakecase"
  packages = ["."]
  pruneopts = "UT"
  revision = "ceb69a29e76325a6bc236bb53cefe28d28348373"
  version = "v1.1.0"

[[projects]]
  digest = "1:329ee641534f22c5bb5ddb9e775ba2352268cec78f0eb810197047f85dc31bb1"
  name = "github.com/segmentio/objconv"
  packages = [
    ".",
    "adapters",
    "adapters/net",
    "adapters/net/mail",
    "adapters/net/url",
    "json",
    "objutil",
    "yaml",
  ]
  pruneopts = "UT"
  revision = "7a1d7b8e6f3551b30751e6b2ea6bae500883870e"
  version = "v1.0.1"

[[projects]]
  digest = "1:8ff03ccc603abb0d7cce94d34b613f5f6251a9e1931eba1a3f9888a9029b055c"
  name = "github.com/stretchr/testify"
  packages = [
    "assert",
    "require",
    "suite",
  ]
  pruneopts = "UT"
  revision = "ffdc059bfe9ce6a4e144ba849dbedead332c6053"
  version = "v1.3.0"

[[projects]]
  branch = "master"
  digest = "1:dcd2e9de31e20e01b156288ce4fc239498564295bdbb59d8aaf591af94778162"
  name = "golang.org/x/sys"
  packages = ["unix"]
  pruneopts = "UT"
  revision = "804c0c7841b595338f049388006a3945cb3cfad1"

[[projects]]
  digest = "1:c25289f43ac4a68d88b02245742347c94f1e108c534dda442188015ff80669b3"
  name = "google.golang.org/appengine"
  packages = ["cloudsql"]
  pruneopts = "UT"
  revision = "54a98f90d1c46b7731eb8fb305d2a321c30ef610"
  version = "v1.5.0"

[[projects]]
  digest = "1:dad6cd59e8bb8d209194efbd3850b5d054384a63061671bfc2a6b2cc0929c731"
  name = "gopkg.in/go-playground/mold.v2"
  packages = [
    ".",
    "modifiers",
  ]
  pruneopts = "UT"
  revision = "6bc20ce40733e8e04c2fda4523a957dd8e198948"
  version = "v2.2.0"

[[projects]]
  digest = "1:7bb1ad654b21fb8f44c77c07840007d6796f70d42d1b470600f943a508ff8a72"
  name = "gopkg.in/go-playground/validator.v9"
  packages = ["."]
  pruneopts = "UT"
  revision = "46b4b1e301c24cac870ffcb4ba5c8a703d1ef475"
  version = "v9.28.0"

[[projects]]
  branch = "v2"
  digest = "1:b6539350da50de0d3c9b83ae587c06b89be9cb5750443bdd887f1c4077f57776"
  name = "gopkg.in/validator.v2"
  packages = ["."]
  pruneopts = "UT"
  revision = "135c24b11c19e52befcae2ec3fca5d9b78c4e98e"

[[projects]]
  digest = "1:4d2e5a73dc1500038e504a8d78b986630e3626dc027bc030ba5c75da257cdb96"
  name = "gopkg.in/yaml.v2"
  packages = ["."]
  pruneopts = "UT"
  revision = "51d6538a90f86fe93ac480b35f37b2be17fef232"
  version = "v2.2.2"

[solve-meta]
  analyzer-name = "dep"
  analyzer-version = 1
  input-imports = [
    "github.com/go-sql-driver/mysql",
    "github.com/gorilla/rpc/v2",
    "github.com/gorilla/rpc/v2/json",
    "github.com/segmentio/conf",
    "github.com/segmentio/events",
    "github.com/segmentio/events/text",
    "github.com/stretchr/testify/suite",
    "gopkg.in/go-playground/validator.v9",
  ]
  solver-name = "gps-cdcl"
  solver-version = 1
